
Microsoft Visual Studio Solution File, Format Version 12.00
# Visual Studio Version 17
VisualStudioVersion = 17.0.31903.59
MinimumVisualStudioVersion = 10.0.40219.1
Project("{FAE04EC0-301F-11D3-BF4B-00C04F79EFBC}") = "BuberBreakfast.Contracts", "BuberBreakfast.Contracts\BuberBreakfast.Contracts.csproj", "{19F1A73E-1B48-4B54-8AD3-8F6765BA3B8B}"
EndProject
Project("{FAE04EC0-301F-11D3-BF4B-00C04F79EFBC}") = "BuberBreakfast", "BuberBreakfast\BuberBreakfast.csproj", "{2471E7E3-D9CC-4BAA-A5BD-7D02F6414AB7}"
EndProject
Global
	GlobalSection(SolutionConfigurationPlatforms) = preSolution
		Debug|Any CPU = Debug|Any CPU
		Release|Any CPU = Release|Any CPU
	EndGlobalSection
	GlobalSection(SolutionProperties) = preSolution
		HideSolutionNode = FALSE
	EndGlobalSection
	GlobalSection(ProjectConfigurationPlatforms) = postSolution
		{19F1A73E-1B48-4B54-8AD3-8F6765BA3B8B}.Debug|Any CPU.ActiveCfg = Debug|Any CPU
		{19F1A73E-1B48-4B54-8AD3-8F6765BA3B8B}.Debug|Any CPU.Build.0 = Debug|Any CPU
		{19F1A73E-1B48-4B54-8AD3-8F6765BA3B8B}.Release|Any CPU.ActiveCfg = Release|Any CPU
		{19F1A73E-1B48-4B54-8AD3-8F6765BA3B8B}.Release|Any CPU.Build.0 = Release|Any CPU
		{2471E7E3-D9CC-4BAA-A5BD-7D02F6414AB7}.Debug|Any CPU.ActiveCfg = Debug|Any CPU
		{2471E7E3-D9CC-4BAA-A5BD-7D02F6414AB7}.Debug|Any CPU.Build.0 = Debug|Any CPU
		{2471E7E3-D9CC-4BAA-A5BD-7D02F6414AB7}.Release|Any CPU.ActiveCfg = Release|Any CPU
		{2471E7E3-D9CC-4BAA-A5BD-7D02F6414AB7}.Release|Any CPU.Build.0 = Release|Any CPU
	EndGlobalSection
EndGlobal
